
Microsoft Visual Studio Solution File, Format Version 12.00
# Visual Studio Version 17
VisualStudioVersion = 17.14.36203.30 d17.14
MinimumVisualStudioVersion = 10.0.40219.1
Project("{FAE04EC0-301F-11D3-BF4B-00C04F79EFBC}") = "telerik", "telerik.csproj", "{881C3020-29B1-4B72-9F7E-BE5BFB615276}"
EndProject
Global
	GlobalSection(SolutionConfigurationPlatforms) = preSolution
		Debug|Any CPU = Debug|Any CPU
		Release|Any CPU = Release|Any CPU
	EndGlobalSection
	GlobalSection(ProjectConfigurationPlatforms) = postSolution
		{881C3020-29B1-4B72-9F7E-BE5BFB615276}.Debug|Any CPU.ActiveCfg = Debug|Any CPU
		{881C3020-29B1-4B72-9F7E-BE5BFB615276}.Debug|Any CPU.Build.0 = Debug|Any CPU
		{881C3020-29B1-4B72-9F7E-BE5BFB615276}.Release|Any CPU.ActiveCfg = Release|Any CPU
		{881C3020-29B1-4B72-9F7E-BE5BFB615276}.Release|Any CPU.Build.0 = Release|Any CPU
	EndGlobalSection
	GlobalSection(SolutionProperties) = preSolution
		HideSolutionNode = FALSE
	EndGlobalSection
	GlobalSection(ExtensibilityGlobals) = postSolution
		SolutionGuid = {9AF19983-ACA5-4F87-945A-B7B798B5FBF6}
	EndGlobalSection
EndGlobal
